
Microsoft Visual Studio Solution File, Format Version 12.00
# Visual Studio 15
VisualStudioVersion = 15.0.27428.2015
MinimumVisualStudioVersion = 10.0.40219.1
Project("{FAE04EC0-301F-11D3-BF4B-00C04F79EFBC}") = "HomeBudget", "HomeBudget\HomeBudget.csproj", "{A352FDC0-29ED-41AD-8CE9-2D4679252F20}"
EndProject
Project("{FAE04EC0-301F-11D3-BF4B-00C04F79EFBC}") = "HomeBudget.Tests", "HomeBudget.Tests\HomeBudget.Tests.csproj", "{2491B879-DEEC-4A30-97AE-335515BDA500}"
EndProject
Global
	GlobalSection(SolutionConfigurationPlatforms) = preSolution
		Debug|Any CPU = Debug|Any CPU
		Release|Any CPU = Release|Any CPU
	EndGlobalSection
	GlobalSection(ProjectConfigurationPlatforms) = postSolution
		{A352FDC0-29ED-41AD-8CE9-2D4679252F20}.Debug|Any CPU.ActiveCfg = Debug|Any CPU
		{A352FDC0-29ED-41AD-8CE9-2D4679252F20}.Debug|Any CPU.Build.0 = Debug|Any CPU
		{A352FDC0-29ED-41AD-8CE9-2D4679252F20}.Release|Any CPU.ActiveCfg = Release|Any CPU
		{A352FDC0-29ED-41AD-8CE9-2D4679252F20}.Release|Any CPU.Build.0 = Release|Any CPU
		{2491B879-DEEC-4A30-97AE-335515BDA500}.Debug|Any CPU.ActiveCfg = Debug|Any CPU
		{2491B879-DEEC-4A30-97AE-335515BDA500}.Debug|Any CPU.Build.0 = Debug|Any CPU
		{2491B879-DEEC-4A30-97AE-335515BDA500}.Release|Any CPU.ActiveCfg = Release|Any CPU
		{2491B879-DEEC-4A30-97AE-335515BDA500}.Release|Any CPU.Build.0 = Release|Any CPU
	EndGlobalSection
	GlobalSection(SolutionProperties) = preSolution
		HideSolutionNode = FALSE
	EndGlobalSection
	GlobalSection(ExtensibilityGlobals) = postSolution
		SolutionGuid = {414F7BB8-1466-401D-A4EB-C51ACB1D34F3}
	EndGlobalSection
EndGlobal
